
Microsoft Visual Studio Solution File, Format Version 12.00
# Visual Studio Version 17
VisualStudioVersion = 17.4.33122.133
MinimumVisualStudioVersion = 10.0.40219.1
Project("{9A19103F-16F7-4668-BE54-9A1E7A4F7556}") = "ExampleLibrary", "ClassLibrary1\ExampleLibrary.csproj", "{6CA39FFF-CF88-4F22-A3DC-39EA67906603}"
EndProject
Project("{FAE04EC0-301F-11D3-BF4B-00C04F79EFBC}") = "TestApp", "TestApp\TestApp.csproj", "{D4902E9D-BB72-4D88-A349-F770BE792C84}"
EndProject
Global
	GlobalSection(SolutionConfigurationPlatforms) = preSolution
		Debug|Any CPU = Debug|Any CPU
		Release|Any CPU = Release|Any CPU
	EndGlobalSection
	GlobalSection(ProjectConfigurationPlatforms) = postSolution
		{6CA39FFF-CF88-4F22-A3DC-39EA67906603}.Debug|Any CPU.ActiveCfg = Debug|Any CPU
		{6CA39FFF-CF88-4F22-A3DC-39EA67906603}.Debug|Any CPU.Build.0 = Debug|Any CPU
		{6CA39FFF-CF88-4F22-A3DC-39EA67906603}.Release|Any CPU.ActiveCfg = Release|Any CPU
		{6CA39FFF-CF88-4F22-A3DC-39EA67906603}.Release|Any CPU.Build.0 = Release|Any CPU
		{D4902E9D-BB72-4D88-A349-F770BE792C84}.Debug|Any CPU.ActiveCfg = Debug|Any CPU
		{D4902E9D-BB72-4D88-A349-F770BE792C84}.Debug|Any CPU.Build.0 = Debug|Any CPU
		{D4902E9D-BB72-4D88-A349-F770BE792C84}.Release|Any CPU.ActiveCfg = Release|Any CPU
		{D4902E9D-BB72-4D88-A349-F770BE792C84}.Release|Any CPU.Build.0 = Release|Any CPU
	EndGlobalSection
	GlobalSection(SolutionProperties) = preSolution
		HideSolutionNode = FALSE
	EndGlobalSection
	GlobalSection(ExtensibilityGlobals) = postSolution
		SolutionGuid = {544B292D-932B-473D-8A4E-C118198E04D0}
	EndGlobalSection
EndGlobal
